// !$*UTF8*$!
{
	archiveVersion = 1;
	classes = {
	};
	objectVersion = 77;
	objects = {

/* Begin PBXContainerItemProxy section */
		F425788A2E5FE38800CC77FB /* PBXContainerItemProxy */ = {
			isa = PBXContainerItemProxy;
			containerPortal = F42578742E5FE38700CC77FB /* Project object */;
			proxyType = 1;
			remoteGlobalIDString = F425787B2E5FE38700CC77FB;
			remoteInfo = ViewModifierExamples;
		};
		F42578942E5FE38900CC77FB /* PBXContainerItemProxy */ = {
			isa = PBXContainerItemProxy;
			containerPortal = F42578742E5FE38700CC77FB /* Project object */;
			proxyType = 1;
			remoteGlobalIDString = F425787B2E5FE38700CC77FB;
			remoteInfo = ViewModifierExamples;
		};
/* End PBXContainerItemProxy section */

/* Begin PBXFileReference section */
		F425787C2E5FE38700CC77FB /* ViewModifierExamples.app */ = {isa = PBXFileReference; explicitFileType = wrapper.application; includeInIndex = 0; path = ViewModifierExamples.app; sourceTree = BUILT_PRODUCTS_DIR; };
		F42578892E5FE38800CC77FB /* ViewModifierExamplesTests.xctest */ = {isa = PBXFileReference; explicitFileType = wrapper.cfbundle; includeInIndex = 0; path = ViewModifierExamplesTests.xctest; sourceTree = BUILT_PRODUCTS_DIR; };
		F42578932E5FE38900CC77FB /* ViewModifierExamplesUITests.xctest */ = {isa = PBXFileReference; explicitFileType = wrapper.cfbundle; includeInIndex = 0; path = ViewModifierExamplesUITests.xctest; sourceTree = BUILT_PRODUCTS_DIR; };
/* End PBXFileReference section */

/* Begin PBXFileSystemSynchronizedRootGroup section */
		F425787E2E5FE38700CC77FB /* ViewModifierExamples */ = {
			isa = PBXFileSystemSynchronizedRootGroup;
			path = ViewModifierExamples;
			sourceTree = "<group>";
		};
		F425788C2E5FE38800CC77FB /* ViewModifierExamplesTests */ = {
			isa = PBXFileSystemSynchronizedRootGroup;
			path = ViewModifierExamplesTests;
			sourceTree = "<group>";
		};
		F42578962E5FE38900CC77FB /* ViewModifierExamplesUITests */ = {
			isa = PBXFileSystemSynchronizedRootGroup;
			path = ViewModifierExamplesUITests;
			sourceTree = "<group>";
		};
/* End PBXFileSystemSynchronizedRootGroup section */

/* Begin PBXFrameworksBuildPhase section */
		F42578792E5FE38700CC77FB /* Frameworks */ = {
			isa = PBXFrameworksBuildPhase;
			buildActionMask = 2147483647;
			files = (
			);
			runOnlyForDeploymentPostprocessing = 0;
		};
		F42578862E5FE38800CC77FB /* Frameworks */ = {
			isa = PBXFrameworksBuildPhase;
			buildActionMask = 2147483647;
			files = (
			);
			runOnlyForDeploymentPostprocessing = 0;
		};
		F42578902E5FE38900CC77FB /* Frameworks */ = {
			isa = PBXFrameworksBuildPhase;
			buildActionMask = 2147483647;
			files = (
			);
			runOnlyForDeploymentPostprocessing = 0;
		};
/* End PBXFrameworksBuildPhase section */

/* Begin PBXGroup section */
		F42578732E5FE38700CC77FB = {
			isa = PBXGroup;
			children = (
				F425787E2E5FE38700CC77FB /* ViewModifierExamples */,
				F425788C2E5FE38800CC77FB /* ViewModifierExamplesTests */,
				F42578962E5FE38900CC77FB /* ViewModifierExamplesUITests */,
				F425787D2E5FE38700CC77FB /* Products */,
			);
			sourceTree = "<group>";
		};
		F425787D2E5FE38700CC77FB /* Products */ = {
			isa = PBXGroup;
			children = (
				F425787C2E5FE38700CC77FB /* ViewModifierExamples.app */,
				F42578892E5FE38800CC77FB /* ViewModifierExamplesTests.xctest */,
				F42578932E5FE38900CC77FB /* ViewModifierExamplesUITests.xctest */,
			);
			name = Products;
			sourceTree = "<group>";
		};
/* End PBXGroup section */

/* Begin PBXNativeTarget section */
		F425787B2E5FE38700CC77FB /* ViewModifierExamples */ = {
			isa = PBXNativeTarget;
			buildConfigurationList = F425789D2E5FE38900CC77FB /* Build configuration list for PBXNativeTarget "ViewModifierExamples" */;
			buildPhases = (
				F42578782E5FE38700CC77FB /* Sources */,
				F42578792E5FE38700CC77FB /* Frameworks */,
				F425787A2E5FE38700CC77FB /* Resources */,
			);
			buildRules = (
			);
			dependencies = (
			);
			fileSystemSynchronizedGroups = (
				F425787E2E5FE38700CC77FB /* ViewModifierExamples */,
			);
			name = ViewModifierExamples;
			packageProductDependencies = (
			);
			productName = ViewModifierExamples;
			productReference = F425787C2E5FE38700CC77FB /* ViewModifierExamples.app */;
			productType = "com.apple.product-type.application";
		};
		F42578882E5FE38800CC77FB /* ViewModifierExamplesTests */ = {
			isa = PBXNativeTarget;
			buildConfigurationList = F42578A02E5FE38900CC77FB /* Build configuration list for PBXNativeTarget "ViewModifierExamplesTests" */;
			buildPhases = (
				F42578852E5FE38800CC77FB /* Sources */,
				F42578862E5FE38800CC77FB /* Frameworks */,
				F42578872E5FE38800CC77FB /* Resources */,
			);
			buildRules = (
			);
			dependencies = (
				F425788B2E5FE38800CC77FB /* PBXTargetDependency */,
			);
			fileSystemSynchronizedGroups = (
				F425788C2E5FE38800CC77FB /* ViewModifierExamplesTests */,
			);
			name = ViewModifierExamplesTests;
			packageProductDependencies = (
			);
			productName = ViewModifierExamplesTests;
			productReference = F42578892E5FE38800CC77FB /* ViewModifierExamplesTests.xctest */;
			productType = "com.apple.product-type.bundle.unit-test";
		};
		F42578922E5FE38900CC77FB /* ViewModifierExamplesUITests */ = {
			isa = PBXNativeTarget;
			buildConfigurationList = F42578A32E5FE38900CC77FB /* Build configuration list for PBXNativeTarget "ViewModifierExamplesUITests" */;
			buildPhases = (
				F425788F2E5FE38900CC77FB /* Sources */,
				F42578902E5FE38900CC77FB /* Frameworks */,
				F42578912E5FE38900CC77FB /* Resources */,
			);
			buildRules = (
			);
			dependencies = (
				F42578952E5FE38900CC77FB /* PBXTargetDependency */,
			);
			fileSystemSynchronizedGroups = (
				F42578962E5FE38900CC77FB /* ViewModifierExamplesUITests */,
			);
			name = ViewModifierExamplesUITests;
			packageProductDependencies = (
			);
			productName = ViewModifierExamplesUITests;
			productReference = F42578932E5FE38900CC77FB /* ViewModifierExamplesUITests.xctest */;
			productType = "com.apple.product-type.bundle.ui-testing";
		};
/* End PBXNativeTarget section */

/* Begin PBXProject section */
		F42578742E5FE38700CC77FB /* Project object */ = {
			isa = PBXProject;
			attributes = {
				BuildIndependentTargetsInParallel = 1;
				LastSwiftUpdateCheck = 1640;
				LastUpgradeCheck = 1640;
				TargetAttributes = {
					F425787B2E5FE38700CC77FB = {
						CreatedOnToolsVersion = 16.4;
					};
					F42578882E5FE38800CC77FB = {
						CreatedOnToolsVersion = 16.4;
						TestTargetID = F425787B2E5FE38700CC77FB;
					};
					F42578922E5FE38900CC77FB = {
						CreatedOnToolsVersion = 16.4;
						TestTargetID = F425787B2E5FE38700CC77FB;
					};
				};
			};
			buildConfigurationList = F42578772E5FE38700CC77FB /* Build configuration list for PBXProject "ViewModifierExamples" */;
			developmentRegion = en;
			hasScannedForEncodings = 0;
			knownRegions = (
				en,
				Base,
			);
			mainGroup = F42578732E5FE38700CC77FB;
			minimizedProjectReferenceProxies = 1;
			preferredProjectObjectVersion = 77;
			productRefGroup = F425787D2E5FE38700CC77FB /* Products */;
			projectDirPath = "";
			projectRoot = "";
			targets = (
				F425787B2E5FE38700CC77FB /* ViewModifierExamples */,
				F42578882E5FE38800CC77FB /* ViewModifierExamplesTests */,
				F42578922E5FE38900CC77FB /* ViewModifierExamplesUITests */,
			);
		};
/* End PBXProject section */

/* Begin PBXResourcesBuildPhase section */
		F425787A2E5FE38700CC77FB /* Resources */ = {
			isa = PBXResourcesBuildPhase;
			buildActionMask = 2147483647;
			files = (
			);
			runOnlyForDeploymentPostprocessing = 0;
		};
		F42578872E5FE38800CC77FB /* Resources */ = {
			isa = PBXResourcesBuildPhase;
			buildActionMask = 2147483647;
			files = (
			);
			runOnlyForDeploymentPostprocessing = 0;
		};
		F42578912E5FE38900CC77FB /* Resources */ = {
			isa = PBXResourcesBuildPhase;
			buildActionMask = 2147483647;
			files = (
			);
			runOnlyForDeploymentPostprocessing = 0;
		};
/* End PBXResourcesBuildPhase section */

/* Begin PBXSourcesBuildPhase section */
		F42578782E5FE38700CC77FB /* Sources */ = {
			isa = PBXSourcesBuildPhase;
			buildActionMask = 2147483647;
			files = (
			);
			runOnlyForDeploymentPostprocessing = 0;
		};
		F42578852E5FE38800CC77FB /* Sources */ = {
			isa = PBXSourcesBuildPhase;
			buildActionMask = 2147483647;
			files = (
			);
			runOnlyForDeploymentPostprocessing = 0;
		};
		F425788F2E5FE38900CC77FB /* Sources */ = {
			isa = PBXSourcesBuildPhase;
			buildActionMask = 2147483647;
			files = (
			);
			runOnlyForDeploymentPostprocessing = 0;
		};
/* End PBXSourcesBuildPhase section */

/* Begin PBXTargetDependency section */
		F425788B2E5FE38800CC77FB /* PBXTargetDependency */ = {
			isa = PBXTargetDependency;
			target = F425787B2E5FE38700CC77FB /* ViewModifierExamples */;
			targetProxy = F425788A2E5FE38800CC77FB /* PBXContainerItemProxy */;
		};
		F42578952E5FE38900CC77FB /* PBXTargetDependency */ = {
			isa = PBXTargetDependency;
			target = F425787B2E5FE38700CC77FB /* ViewModifierExamples */;
			targetProxy = F42578942E5FE38900CC77FB /* PBXContainerItemProxy */;
		};
/* End PBXTargetDependency section */

/* Begin XCBuildConfiguration section */
		F425789B2E5FE38900CC77FB /* Debug */ = {
			isa = XCBuildConfiguration;
			buildSettings = {
				ALWAYS_SEARCH_USER_PATHS = NO;
				ASSETCATALOG_COMPILER_GENERATE_SWIFT_ASSET_SYMBOL_EXTENSIONS = YES;
				CLANG_ANALYZER_NONNULL = YES;
				CLANG_ANALYZER_NUMBER_OBJECT_CONVERSION = YES_AGGRESSIVE;
				CLANG_CXX_LANGUAGE_STANDARD = "gnu++20";
				CLANG_ENABLE_MODULES = YES;
				CLANG_ENABLE_OBJC_ARC = YES;
				CLANG_ENABLE_OBJC_WEAK = YES;
				CLANG_WARN_BLOCK_CAPTURE_AUTORELEASING = YES;
				CLANG_WARN_BOOL_CONVERSION = YES;
				CLANG_WARN_COMMA = YES;
				CLANG_WARN_CONSTANT_CONVERSION = YES;
				CLANG_WARN_DEPRECATED_OBJC_IMPLEMENTATIONS = YES;
				CLANG_WARN_DIRECT_OBJC_ISA_USAGE = YES_ERROR;
				CLANG_WARN_DOCUMENTATION_COMMENTS = YES;
				CLANG_WARN_EMPTY_BODY = YES;
				CLANG_WARN_ENUM_CONVERSION = YES;
				CLANG_WARN_INFINITE_RECURSION = YES;
				CLANG_WARN_INT_CONVERSION = YES;
				CLANG_WARN_NON_LITERAL_NULL_CONVERSION = YES;
				CLANG_WARN_OBJC_IMPLICIT_RETAIN_SELF = YES;
				CLANG_WARN_OBJC_LITERAL_CONVERSION = YES;
				CLANG_WARN_OBJC_ROOT_CLASS = YES_ERROR;
				CLANG_WARN_QUOTED_INCLUDE_IN_FRAMEWORK_HEADER = YES;
				CLANG_WARN_RANGE_LOOP_ANALYSIS = YES;
				CLANG_WARN_STRICT_PROTOTYPES = YES;
				CLANG_WARN_SUSPICIOUS_MOVE = YES;
				CLANG_WARN_UNGUARDED_AVAILABILITY = YES_AGGRESSIVE;
				CLANG_WARN_UNREACHABLE_CODE = YES;
				CLANG_WARN__DUPLICATE_METHOD_MATCH = YES;
				COPY_PHASE_STRIP = NO;
				DEBUG_INFORMATION_FORMAT = dwarf;
				DEVELOPMENT_TEAM = 63AT93P487;
				ENABLE_STRICT_OBJC_MSGSEND = YES;
				ENABLE_TESTABILITY = YES;
				ENABLE_USER_SCRIPT_SANDBOXING = YES;
				GCC_C_LANGUAGE_STANDARD = gnu17;
				GCC_DYNAMIC_NO_PIC = NO;
				GCC_NO_COMMON_BLOCKS = YES;
				GCC_OPTIMIZATION_LEVEL = 0;
				GCC_PREPROCESSOR_DEFINITIONS = (
					"DEBUG=1",
					"$(inherited)",
				);
				GCC_WARN_64_TO_32_BIT_CONVERSION = YES;
				GCC_WARN_ABOUT_RETURN_TYPE = YES_ERROR;
				GCC_WARN_UNDECLARED_SELECTOR = YES;
				GCC_WARN_UNINITIALIZED_AUTOS = YES_AGGRESSIVE;
				GCC_WARN_UNUSED_FUNCTION = YES;
				GCC_WARN_UNUSED_VARIABLE = YES;
				IPHONEOS_DEPLOYMENT_TARGET = 18.5;
				LOCALIZATION_PREFERS_STRING_CATALOGS = YES;
				MTL_ENABLE_DEBUG_INFO = INCLUDE_SOURCE;
				MTL_FAST_MATH = YES;
				ONLY_ACTIVE_ARCH = YES;
				SDKROOT = iphoneos;
				SWIFT_ACTIVE_COMPILATION_CONDITIONS = "DEBUG $(inherited)";
				SWIFT_OPTIMIZATION_LEVEL = "-Onone";
			};
			name = Debug;
		};
		F425789C2E5FE38900CC77FB /* Release */ = {
			isa = XCBuildConfiguration;
			buildSettings = {
				ALWAYS_SEARCH_USER_PATHS = NO;
				ASSETCATALOG_COMPILER_GENERATE_SWIFT_ASSET_SYMBOL_EXTENSIONS = YES;
				CLANG_ANALYZER_NONNULL = YES;
				CLANG_ANALYZER_NUMBER_OBJECT_CONVERSION = YES_AGGRESSIVE;
				CLANG_CXX_LANGUAGE_STANDARD = "gnu++20";
				CLANG_ENABLE_MODULES = YES;
				CLANG_ENABLE_OBJC_ARC = YES;
				CLANG_ENABLE_OBJC_WEAK = YES;
				CLANG_WARN_BLOCK_CAPTURE_AUTORELEASING = YES;
				CLANG_WARN_BOOL_CONVERSION = YES;
				CLANG_WARN_COMMA = YES;
				CLANG_WARN_CONSTANT_CONVERSION = YES;
				CLANG_WARN_DEPRECATED_OBJC_IMPLEMENTATIONS = YES;
				CLANG_WARN_DIRECT_OBJC_ISA_USAGE = YES_ERROR;
				CLANG_WARN_DOCUMENTATION_COMMENTS = YES;
				CLANG_WARN_EMPTY_BODY = YES;
				CLANG_WARN_ENUM_CONVERSION = YES;
				CLANG_WARN_INFINITE_RECURSION = YES;
				CLANG_WARN_INT_CONVERSION = YES;
				CLANG_WARN_NON_LITERAL_NULL_CONVERSION = YES;
				CLANG_WARN_OBJC_IMPLICIT_RETAIN_SELF = YES;
				CLANG_WARN_OBJC_LITERAL_CONVERSION = YES;
				CLANG_WARN_OBJC_ROOT_CLASS = YES_ERROR;
				CLANG_WARN_QUOTED_INCLUDE_IN_FRAMEWORK_HEADER = YES;
				CLANG_WARN_RANGE_LOOP_ANALYSIS = YES;
				CLANG_WARN_STRICT_PROTOTYPES = YES;
				CLANG_WARN_SUSPICIOUS_MOVE = YES;
				CLANG_WARN_UNGUARDED_AVAILABILITY = YES_AGGRESSIVE;
				CLANG_WARN_UNREACHABLE_CODE = YES;
				CLANG_WARN__DUPLICATE_METHOD_MATCH = YES;
				COPY_PHASE_STRIP = NO;
				DEBUG_INFORMATION_FORMAT = "dwarf-with-dsym";
				DEVELOPMENT_TEAM = 63AT93P487;
				ENABLE_NS_ASSERTIONS = NO;
				ENABLE_STRICT_OBJC_MSGSEND = YES;
				ENABLE_USER_SCRIPT_SANDBOXING = YES;
				GCC_C_LANGUAGE_STANDARD = gnu17;
				GCC_NO_COMMON_BLOCKS = YES;
				GCC_WARN_64_TO_32_BIT_CONVERSION = YES;
				GCC_WARN_ABOUT_RETURN_TYPE = YES_ERROR;
				GCC_WARN_UNDECLARED_SELECTOR = YES;
				GCC_WARN_UNINITIALIZED_AUTOS = YES_AGGRESSIVE;
				GCC_WARN_UNUSED_FUNCTION = YES;
				GCC_WARN_UNUSED_VARIABLE = YES;
				IPHONEOS_DEPLOYMENT_TARGET = 18.5;
				LOCALIZATION_PREFERS_STRING_CATALOGS = YES;
				MTL_ENABLE_DEBUG_INFO = NO;
				MTL_FAST_MATH = YES;
				SDKROOT = iphoneos;
				SWIFT_COMPILATION_MODE = wholemodule;
				VALIDATE_PRODUCT = YES;
			};
			name = Release;
		};
		F425789E2E5FE38900CC77FB /* Debug */ = {
			isa = XCBuildConfiguration;
			buildSettings = {
				ASSETCATALOG_COMPILER_APPICON_NAME = AppIcon;
				ASSETCATALOG_COMPILER_GLOBAL_ACCENT_COLOR_NAME = AccentColor;
				CODE_SIGN_STYLE = Automatic;
				CURRENT_PROJECT_VERSION = 1;
				DEVELOPMENT_TEAM = 63AT93P487;
				ENABLE_PREVIEWS = YES;
				GENERATE_INFOPLIST_FILE = YES;
				INFOPLIST_KEY_UIApplicationSceneManifest_Generation = YES;
				INFOPLIST_KEY_UIApplicationSupportsIndirectInputEvents = YES;
				INFOPLIST_KEY_UILaunchScreen_Generation = YES;
				INFOPLIST_KEY_UISupportedInterfaceOrientations_iPad = "UIInterfaceOrientationPortrait UIInterfaceOrientationPortraitUpsideDown UIInterfaceOrientationLandscapeLeft UIInterfaceOrientationLandscapeRight";
				INFOPLIST_KEY_UISupportedInterfaceOrientations_iPhone = "UIInterfaceOrientationPortrait UIInterfaceOrientationLandscapeLeft UIInterfaceOrientationLandscapeRight";
				LD_RUNPATH_SEARCH_PATHS = (
					"$(inherited)",
					"@executable_path/Frameworks",
				);
				MARKETING_VERSION = 1.0;
				PRODUCT_BUNDLE_IDENTIFIER = com.tjamstudios.ViewModifierExamples;
				PRODUCT_NAME = "$(TARGET_NAME)";
				SWIFT_EMIT_LOC_STRINGS = YES;
				SWIFT_VERSION = 5.0;
				TARGETED_DEVICE_FAMILY = "1,2";
			};
			name = Debug;
		};
		F425789F2E5FE38900CC77FB /* Release */ = {
			isa = XCBuildConfiguration;
			buildSettings = {
				ASSETCATALOG_COMPILER_APPICON_NAME = AppIcon;
				ASSETCATALOG_COMPILER_GLOBAL_ACCENT_COLOR_NAME = AccentColor;
				CODE_SIGN_STYLE = Automatic;
				CURRENT_PROJECT_VERSION = 1;
				DEVELOPMENT_TEAM = 63AT93P487;
				ENABLE_PREVIEWS = YES;
				GENERATE_INFOPLIST_FILE = YES;
				INFOPLIST_KEY_UIApplicationSceneManifest_Generation = YES;
				INFOPLIST_KEY_UIApplicationSupportsIndirectInputEvents = YES;
				INFOPLIST_KEY_UILaunchScreen_Generation = YES;
				INFOPLIST_KEY_UISupportedInterfaceOrientations_iPad = "UIInterfaceOrientationPortrait UIInterfaceOrientationPortraitUpsideDown UIInterfaceOrientationLandscapeLeft UIInterfaceOrientationLandscapeRight";
				INFOPLIST_KEY_UISupportedInterfaceOrientations_iPhone = "UIInterfaceOrientationPortrait UIInterfaceOrientationLandscapeLeft UIInterfaceOrientationLandscapeRight";
				LD_RUNPATH_SEARCH_PATHS = (
					"$(inherited)",
					"@executable_path/Frameworks",
				);
				MARKETING_VERSION = 1.0;
				PRODUCT_BUNDLE_IDENTIFIER = com.tjamstudios.ViewModifierExamples;
				PRODUCT_NAME = "$(TARGET_NAME)";
				SWIFT_EMIT_LOC_STRINGS = YES;
				SWIFT_VERSION = 5.0;
				TARGETED_DEVICE_FAMILY = "1,2";
			};
			name = Release;
		};
		F42578A12E5FE38900CC77FB /* Debug */ = {
			isa = XCBuildConfiguration;
			buildSettings = {
				BUNDLE_LOADER = "$(TEST_HOST)";
				CODE_SIGN_STYLE = Automatic;
				CURRENT_PROJECT_VERSION = 1;
				DEVELOPMENT_TEAM = 63AT93P487;
				GENERATE_INFOPLIST_FILE = YES;
				IPHONEOS_DEPLOYMENT_TARGET = 18.5;
				MARKETING_VERSION = 1.0;
				PRODUCT_BUNDLE_IDENTIFIER = com.tjamstudios.ViewModifierExamplesTests;
				PRODUCT_NAME = "$(TARGET_NAME)";
				SWIFT_EMIT_LOC_STRINGS = NO;
				SWIFT_VERSION = 5.0;
				TARGETED_DEVICE_FAMILY = "1,2";
				TEST_HOST = "$(BUILT_PRODUCTS_DIR)/ViewModifierExamples.app/$(BUNDLE_EXECUTABLE_FOLDER_PATH)/ViewModifierExamples";
			};
			name = Debug;
		};
		F42578A22E5FE38900CC77FB /* Release */ = {
			isa = XCBuildConfiguration;
			buildSettings = {
				BUNDLE_LOADER = "$(TEST_HOST)";
				CODE_SIGN_STYLE = Automatic;
				CURRENT_PROJECT_VERSION = 1;
				DEVELOPMENT_TEAM = 63AT93P487;
				GENERATE_INFOPLIST_FILE = YES;
				IPHONEOS_DEPLOYMENT_TARGET = 18.5;
				MARKETING_VERSION = 1.0;
				PRODUCT_BUNDLE_IDENTIFIER = com.tjamstudios.ViewModifierExamplesTests;
				PRODUCT_NAME = "$(TARGET_NAME)";
				SWIFT_EMIT_LOC_STRINGS = NO;
				SWIFT_VERSION = 5.0;
				TARGETED_DEVICE_FAMILY = "1,2";
				TEST_HOST = "$(BUILT_PRODUCTS_DIR)/ViewModifierExamples.app/$(BUNDLE_EXECUTABLE_FOLDER_PATH)/ViewModifierExamples";
			};
			name = Release;
		};
		F42578A42E5FE38900CC77FB /* Debug */ = {
			isa = XCBuildConfiguration;
			buildSettings = {
				CODE_SIGN_STYLE = Automatic;
				CURRENT_PROJECT_VERSION = 1;
				DEVELOPMENT_TEAM = 63AT93P487;
				GENERATE_INFOPLIST_FILE = YES;
				MARKETING_VERSION = 1.0;
				PRODUCT_BUNDLE_IDENTIFIER = com.tjamstudios.ViewModifierExamplesUITests;
				PRODUCT_NAME = "$(TARGET_NAME)";
				SWIFT_EMIT_LOC_STRINGS = NO;
				SWIFT_VERSION = 5.0;
				TARGETED_DEVICE_FAMILY = "1,2";
				TEST_TARGET_NAME = ViewModifierExamples;
			};
			name = Debug;
		};
		F42578A52E5FE38900CC77FB /* Release */ = {
			isa = XCBuildConfiguration;
			buildSettings = {
				CODE_SIGN_STYLE = Automatic;
				CURRENT_PROJECT_VERSION = 1;
				DEVELOPMENT_TEAM = 63AT93P487;
				GENERATE_INFOPLIST_FILE = YES;
				MARKETING_VERSION = 1.0;
				PRODUCT_BUNDLE_IDENTIFIER = com.tjamstudios.ViewModifierExamplesUITests;
				PRODUCT_NAME = "$(TARGET_NAME)";
				SWIFT_EMIT_LOC_STRINGS = NO;
				SWIFT_VERSION = 5.0;
				TARGETED_DEVICE_FAMILY = "1,2";
				TEST_TARGET_NAME = ViewModifierExamples;
			};
			name = Release;
		};
/* End XCBuildConfiguration section */

/* Begin XCConfigurationList section */
		F42578772E5FE38700CC77FB /* Build configuration list for PBXProject "ViewModifierExamples" */ = {
			isa = XCConfigurationList;
			buildConfigurations = (
				F425789B2E5FE38900CC77FB /* Debug */,
				F425789C2E5FE38900CC77FB /* Release */,
			);
			defaultConfigurationIsVisible = 0;
			defaultConfigurationName = Release;
		};
		F425789D2E5FE38900CC77FB /* Build configuration list for PBXNativeTarget "ViewModifierExamples" */ = {
			isa = XCConfigurationList;
			buildConfigurations = (
				F425789E2E5FE38900CC77FB /* Debug */,
				F425789F2E5FE38900CC77FB /* Release */,
			);
			defaultConfigurationIsVisible = 0;
			defaultConfigurationName = Release;
		};
		F42578A02E5FE38900CC77FB /* Build configuration list for PBXNativeTarget "ViewModifierExamplesTests" */ = {
			isa = XCConfigurationList;
			buildConfigurations = (
				F42578A12E5FE38900CC77FB /* Debug */,
				F42578A22E5FE38900CC77FB /* Release */,
			);
			defaultConfigurationIsVisible = 0;
			defaultConfigurationName = Release;
		};
		F42578A32E5FE38900CC77FB /* Build configuration list for PBXNativeTarget "ViewModifierExamplesUITests" */ = {
			isa = XCConfigurationList;
			buildConfigurations = (
				F42578A42E5FE38900CC77FB /* Debug */,
				F42578A52E5FE38900CC77FB /* Release */,
			);
			defaultConfigurationIsVisible = 0;
			defaultConfigurationName = Release;
		};
/* End XCConfigurationList section */
	};
	rootObject = F42578742E5FE38700CC77FB /* Project object */;
}
